// !$*UTF8*$!
{
	archiveVersion = 1;
	classes = {
	};
	objectVersion = 50;
	objects = {

/* Begin PBXBuildFile section */
		21DA76E32603B3E200BDD28D /* stocksApp.swift in Sources */ = {isa = PBXBuildFile; fileRef = 21DA76E22603B3E200BDD28D /* stocksApp.swift */; };
		21DA76E52603B3E200BDD28D /* ContentView.swift in Sources */ = {isa = PBXBuildFile; fileRef = 21DA76E42603B3E200BDD28D /* ContentView.swift */; };
		21DA76E72603B3E300BDD28D /* Assets.xcassets in Resources */ = {isa = PBXBuildFile; fileRef = 21DA76E62603B3E300BDD28D /* Assets.xcassets */; };
		21DA76EA2603B3E300BDD28D /* Preview Assets.xcassets in Resources */ = {isa = PBXBuildFile; fileRef = 21DA76E92603B3E300BDD28D /* Preview Assets.xcassets */; };
		21DA76F52603B3E300BDD28D /* stocksTests.swift in Sources */ = {isa = PBXBuildFile; fileRef = 21DA76F42603B3E300BDD28D /* stocksTests.swift */; };
		21DA77002603B3E300BDD28D /* stocksUITests.swift in Sources */ = {isa = PBXBuildFile; fileRef = 21DA76FF2603B3E300BDD28D /* stocksUITests.swift */; };
		21DA77112603D32D00BDD28D /* Stock.swift in Sources */ = {isa = PBXBuildFile; fileRef = 21DA77102603D32D00BDD28D /* Stock.swift */; };
		21DA77162603D35E00BDD28D /* Stocks.swift in Sources */ = {isa = PBXBuildFile; fileRef = 21DA77152603D35E00BDD28D /* Stocks.swift */; };
		21DA771B2603D40600BDD28D /* stockViewModel.swift in Sources */ = {isa = PBXBuildFile; fileRef = 21DA771A2603D40600BDD28D /* stockViewModel.swift */; };
/* End PBXBuildFile section */

/* Begin PBXContainerItemProxy section */
		21DA76F12603B3E300BDD28D /* PBXContainerItemProxy */ = {
			isa = PBXContainerItemProxy;
			containerPortal = 21DA76D72603B3E200BDD28D /* Project object */;
			proxyType = 1;
			remoteGlobalIDString = 21DA76DE2603B3E200BDD28D;
			remoteInfo = stocks;
		};
		21DA76FC2603B3E300BDD28D /* PBXContainerItemProxy */ = {
			isa = PBXContainerItemProxy;
			containerPortal = 21DA76D72603B3E200BDD28D /* Project object */;
			proxyType = 1;
			remoteGlobalIDString = 21DA76DE2603B3E200BDD28D;
			remoteInfo = stocks;
		};
/* End PBXContainerItemProxy section */

/* Begin PBXFileReference section */
		21DA76DF2603B3E200BDD28D /* stocks.app */ = {isa = PBXFileReference; explicitFileType = wrapper.application; includeInIndex = 0; path = stocks.app; sourceTree = BUILT_PRODUCTS_DIR; };
		21DA76E22603B3E200BDD28D /* stocksApp.swift */ = {isa = PBXFileReference; lastKnownFileType = sourcecode.swift; path = stocksApp.swift; sourceTree = "<group>"; };
		21DA76E42603B3E200BDD28D /* ContentView.swift */ = {isa = PBXFileReference; lastKnownFileType = sourcecode.swift; path = ContentView.swift; sourceTree = "<group>"; };
		21DA76E62603B3E300BDD28D /* Assets.xcassets */ = {isa = PBXFileReference; lastKnownFileType = folder.assetcatalog; path = Assets.xcassets; sourceTree = "<group>"; };
		21DA76E92603B3E300BDD28D /* Preview Assets.xcassets */ = {isa = PBXFileReference; lastKnownFileType = folder.assetcatalog; path = "Preview Assets.xcassets"; sourceTree = "<group>"; };
		21DA76EB2603B3E300BDD28D /* Info.plist */ = {isa = PBXFileReference; lastKnownFileType = text.plist.xml; path = Info.plist; sourceTree = "<group>"; };
		21DA76F02603B3E300BDD28D /* stocksTests.xctest */ = {isa = PBXFileReference; explicitFileType = wrapper.cfbundle; includeInIndex = 0; path = stocksTests.xctest; sourceTree = BUILT_PRODUCTS_DIR; };
		21DA76F42603B3E300BDD28D /* stocksTests.swift */ = {isa = PBXFileReference; lastKnownFileType = sourcecode.swift; path = stocksTests.swift; sourceTree = "<group>"; };
		21DA76F62603B3E300BDD28D /* Info.plist */ = {isa = PBXFileReference; lastKnownFileType = text.plist.xml; path = Info.plist; sourceTree = "<group>"; };
		21DA76FB2603B3E300BDD28D /* stocksUITests.xctest */ = {isa = PBXFileReference; explicitFileType = wrapper.cfbundle; includeInIndex = 0; path = stocksUITests.xctest; sourceTree = BUILT_PRODUCTS_DIR; };
		21DA76FF2603B3E300BDD28D /* stocksUITests.swift */ = {isa = PBXFileReference; lastKnownFileType = sourcecode.swift; path = stocksUITests.swift; sourceTree = "<group>"; };
		21DA77012603B3E300BDD28D /* Info.plist */ = {isa = PBXFileReference; lastKnownFileType = text.plist.xml; path = Info.plist; sourceTree = "<group>"; };
		21DA77102603D32D00BDD28D /* Stock.swift */ = {isa = PBXFileReference; lastKnownFileType = sourcecode.swift; path = Stock.swift; sourceTree = "<group>"; };
		21DA77152603D35E00BDD28D /* Stocks.swift */ = {isa = PBXFileReference; lastKnownFileType = sourcecode.swift; path = Stocks.swift; sourceTree = "<group>"; };
		21DA771A2603D40600BDD28D /* stockViewModel.swift */ = {isa = PBXFileReference; lastKnownFileType = sourcecode.swift; path = stockViewModel.swift; sourceTree = "<group>"; };
/* End PBXFileReference section */

/* Begin PBXFrameworksBuildPhase section */
		21DA76DC2603B3E200BDD28D /* Frameworks */ = {
			isa = PBXFrameworksBuildPhase;
			buildActionMask = 2147483647;
			files = (
			);
			runOnlyForDeploymentPostprocessing = 0;
		};
		21DA76ED2603B3E300BDD28D /* Frameworks */ = {
			isa = PBXFrameworksBuildPhase;
			buildActionMask = 2147483647;
			files = (
			);
			runOnlyForDeploymentPostprocessing = 0;
		};
		21DA76F82603B3E300BDD28D /* Frameworks */ = {
			isa = PBXFrameworksBuildPhase;
			buildActionMask = 2147483647;
			files = (
			);
			runOnlyForDeploymentPostprocessing = 0;
		};
/* End PBXFrameworksBuildPhase section */

/* Begin PBXGroup section */
		21DA76D62603B3E200BDD28D = {
			isa = PBXGroup;
			children = (
				21DA76E12603B3E200BDD28D /* stocks */,
				21DA76F32603B3E300BDD28D /* stocksTests */,
				21DA76FE2603B3E300BDD28D /* stocksUITests */,
				21DA76E02603B3E200BDD28D /* Products */,
			);
			sourceTree = "<group>";
		};
		21DA76E02603B3E200BDD28D /* Products */ = {
			isa = PBXGroup;
			children = (
				21DA76DF2603B3E200BDD28D /* stocks.app */,
				21DA76F02603B3E300BDD28D /* stocksTests.xctest */,
				21DA76FB2603B3E300BDD28D /* stocksUITests.xctest */,
			);
			name = Products;
			sourceTree = "<group>";
		};
		21DA76E12603B3E200BDD28D /* stocks */ = {
			isa = PBXGroup;
			children = (
				21DA76E22603B3E200BDD28D /* stocksApp.swift */,
				21DA76E42603B3E200BDD28D /* ContentView.swift */,
				21DA76E62603B3E300BDD28D /* Assets.xcassets */,
				21DA76EB2603B3E300BDD28D /* Info.plist */,
				21DA76E82603B3E300BDD28D /* Preview Content */,
			);
			path = stocks;
			sourceTree = "<group>";
		};
		21DA76E82603B3E300BDD28D /* Preview Content */ = {
			isa = PBXGroup;
			children = (
				21DA76E92603B3E300BDD28D /* Preview Assets.xcassets */,
				21DA77102603D32D00BDD28D /* Stock.swift */,
				21DA77152603D35E00BDD28D /* Stocks.swift */,
				21DA771A2603D40600BDD28D /* stockViewModel.swift */,
			);
			path = "Preview Content";
			sourceTree = "<group>";
		};
		21DA76F32603B3E300BDD28D /* stocksTests */ = {
			isa = PBXGroup;
			children = (
				21DA76F42603B3E300BDD28D /* stocksTests.swift */,
				21DA76F62603B3E300BDD28D /* Info.plist */,
			);
			path = stocksTests;
			sourceTree = "<group>";
		};
		21DA76FE2603B3E300BDD28D /* stocksUITests */ = {
			isa = PBXGroup;
			children = (
				21DA76FF2603B3E300BDD28D /* stocksUITests.swift */,
				21DA77012603B3E300BDD28D /* Info.plist */,
			);
			path = stocksUITests;
			sourceTree = "<group>";
		};
/* End PBXGroup section */

/* Begin PBXNativeTarget section */
		21DA76DE2603B3E200BDD28D /* stocks */ = {
			isa = PBXNativeTarget;
			buildConfigurationList = 21DA77042603B3E300BDD28D /* Build configuration list for PBXNativeTarget "stocks" */;
			buildPhases = (
				21DA76DB2603B3E200BDD28D /* Sources */,
				21DA76DC2603B3E200BDD28D /* Frameworks */,
				21DA76DD2603B3E200BDD28D /* Resources */,
			);
			buildRules = (
			);
			dependencies = (
			);
			name = stocks;
			productName = stocks;
			productReference = 21DA76DF2603B3E200BDD28D /* stocks.app */;
			productType = "com.apple.product-type.application";
		};
		21DA76EF2603B3E300BDD28D /* stocksTests */ = {
			isa = PBXNativeTarget;
			buildConfigurationList = 21DA77072603B3E300BDD28D /* Build configuration list for PBXNativeTarget "stocksTests" */;
			buildPhases = (
				21DA76EC2603B3E300BDD28D /* Sources */,
				21DA76ED2603B3E300BDD28D /* Frameworks */,
				21DA76EE2603B3E300BDD28D /* Resources */,
			);
			buildRules = (
			);
			dependencies = (
				21DA76F22603B3E300BDD28D /* PBXTargetDependency */,
			);
			name = stocksTests;
			productName = stocksTests;
			productReference = 21DA76F02603B3E300BDD28D /* stocksTests.xctest */;
			productType = "com.apple.product-type.bundle.unit-test";
		};
		21DA76FA2603B3E300BDD28D /* stocksUITests */ = {
			isa = PBXNativeTarget;
			buildConfigurationList = 21DA770A2603B3E300BDD28D /* Build configuration list for PBXNativeTarget "stocksUITests" */;
			buildPhases = (
				21DA76F72603B3E300BDD28D /* Sources */,
				21DA76F82603B3E300BDD28D /* Frameworks */,
				21DA76F92603B3E300BDD28D /* Resources */,
			);
			buildRules = (
			);
			dependencies = (
				21DA76FD2603B3E300BDD28D /* PBXTargetDependency */,
			);
			name = stocksUITests;
			productName = stocksUITests;
			productReference = 21DA76FB2603B3E300BDD28D /* stocksUITests.xctest */;
			productType = "com.apple.product-type.bundle.ui-testing";
		};
/* End PBXNativeTarget section */

/* Begin PBXProject section */
		21DA76D72603B3E200BDD28D /* Project object */ = {
			isa = PBXProject;
			attributes = {
				LastSwiftUpdateCheck = 1240;
				LastUpgradeCheck = 1240;
				TargetAttributes = {
					21DA76DE2603B3E200BDD28D = {
						CreatedOnToolsVersion = 12.4;
					};
					21DA76EF2603B3E300BDD28D = {
						CreatedOnToolsVersion = 12.4;
						TestTargetID = 21DA76DE2603B3E200BDD28D;
					};
					21DA76FA2603B3E300BDD28D = {
						CreatedOnToolsVersion = 12.4;
						TestTargetID = 21DA76DE2603B3E200BDD28D;
					};
				};
			};
			buildConfigurationList = 21DA76DA2603B3E200BDD28D /* Build configuration list for PBXProject "stocks" */;
			compatibilityVersion = "Xcode 9.3";
			developmentRegion = en;
			hasScannedForEncodings = 0;
			knownRegions = (
				en,
				Base,
			);
			mainGroup = 21DA76D62603B3E200BDD28D;
			productRefGroup = 21DA76E02603B3E200BDD28D /* Products */;
			projectDirPath = "";
			projectRoot = "";
			targets = (
				21DA76DE2603B3E200BDD28D /* stocks */,
				21DA76EF2603B3E300BDD28D /* stocksTests */,
				21DA76FA2603B3E300BDD28D /* stocksUITests */,
			);
		};
/* End PBXProject section */

/* Begin PBXResourcesBuildPhase section */
		21DA76DD2603B3E200BDD28D /* Resources */ = {
			isa = PBXResourcesBuildPhase;
			buildActionMask = 2147483647;
			files = (
				21DA76EA2603B3E300BDD28D /* Preview Assets.xcassets in Resources */,
				21DA76E72603B3E300BDD28D /* Assets.xcassets in Resources */,
			);
			runOnlyForDeploymentPostprocessing = 0;
		};
		21DA76EE2603B3E300BDD28D /* Resources */ = {
			isa = PBXResourcesBuildPhase;
			buildActionMask = 2147483647;
			files = (
			);
			runOnlyForDeploymentPostprocessing = 0;
		};
		21DA76F92603B3E300BDD28D /* Resources */ = {
			isa = PBXResourcesBuildPhase;
			buildActionMask = 2147483647;
			files = (
			);
			runOnlyForDeploymentPostprocessing = 0;
		};
/* End PBXResourcesBuildPhase section */

/* Begin PBXSourcesBuildPhase section */
		21DA76DB2603B3E200BDD28D /* Sources */ = {
			isa = PBXSourcesBuildPhase;
			buildActionMask = 2147483647;
			files = (
				21DA771B2603D40600BDD28D /* stockViewModel.swift in Sources */,
				21DA76E52603B3E200BDD28D /* ContentView.swift in Sources */,
				21DA76E32603B3E200BDD28D /* stocksApp.swift in Sources */,
				21DA77162603D35E00BDD28D /* Stocks.swift in Sources */,
				21DA77112603D32D00BDD28D /* Stock.swift in Sources */,
			);
			runOnlyForDeploymentPostprocessing = 0;
		};
		21DA76EC2603B3E300BDD28D /* Sources */ = {
			isa = PBXSourcesBuildPhase;
			buildActionMask = 2147483647;
			files = (
				21DA76F52603B3E300BDD28D /* stocksTests.swift in Sources */,
			);
			runOnlyForDeploymentPostprocessing = 0;
		};
		21DA76F72603B3E300BDD28D /* Sources */ = {
			isa = PBXSourcesBuildPhase;
			buildActionMask = 2147483647;
			files = (
				21DA77002603B3E300BDD28D /* stocksUITests.swift in Sources */,
			);
			runOnlyForDeploymentPostprocessing = 0;
		};
/* End PBXSourcesBuildPhase section */

/* Begin PBXTargetDependency section */
		21DA76F22603B3E300BDD28D /* PBXTargetDependency */ = {
			isa = PBXTargetDependency;
			target = 21DA76DE2603B3E200BDD28D /* stocks */;
			targetProxy = 21DA76F12603B3E300BDD28D /* PBXContainerItemProxy */;
		};
		21DA76FD2603B3E300BDD28D /* PBXTargetDependency */ = {
			isa = PBXTargetDependency;
			target = 21DA76DE2603B3E200BDD28D /* stocks */;
			targetProxy = 21DA76FC2603B3E300BDD28D /* PBXContainerItemProxy */;
		};
/* End PBXTargetDependency section */

/* Begin XCBuildConfiguration section */
		21DA77022603B3E300BDD28D /* Debug */ = {
			isa = XCBuildConfiguration;
			buildSettings = {
				ALWAYS_SEARCH_USER_PATHS = NO;
				CLANG_ANALYZER_NONNULL = YES;
				CLANG_ANALYZER_NUMBER_OBJECT_CONVERSION = YES_AGGRESSIVE;
				CLANG_CXX_LANGUAGE_STANDARD = "gnu++14";
				CLANG_CXX_LIBRARY = "libc++";
				CLANG_ENABLE_MODULES = YES;
				CLANG_ENABLE_OBJC_ARC = YES;
				CLANG_ENABLE_OBJC_WEAK = YES;
				CLANG_WARN_BLOCK_CAPTURE_AUTORELEASING = YES;
				CLANG_WARN_BOOL_CONVERSION = YES;
				CLANG_WARN_COMMA = YES;
				CLANG_WARN_CONSTANT_CONVERSION = YES;
				CLANG_WARN_DEPRECATED_OBJC_IMPLEMENTATIONS = YES;
				CLANG_WARN_DIRECT_OBJC_ISA_USAGE = YES_ERROR;
				CLANG_WARN_DOCUMENTATION_COMMENTS = YES;
				CLANG_WARN_EMPTY_BODY = YES;
				CLANG_WARN_ENUM_CONVERSION = YES;
				CLANG_WARN_INFINITE_RECURSION = YES;
				CLANG_WARN_INT_CONVERSION = YES;
				CLANG_WARN_NON_LITERAL_NULL_CONVERSION = YES;
				CLANG_WARN_OBJC_IMPLICIT_RETAIN_SELF = YES;
				CLANG_WARN_OBJC_LITERAL_CONVERSION = YES;
				CLANG_WARN_OBJC_ROOT_CLASS = YES_ERROR;
				CLANG_WARN_QUOTED_INCLUDE_IN_FRAMEWORK_HEADER = YES;
				CLANG_WARN_RANGE_LOOP_ANALYSIS = YES;
				CLANG_WARN_STRICT_PROTOTYPES = YES;
				CLANG_WARN_SUSPICIOUS_MOVE = YES;
				CLANG_WARN_UNGUARDED_AVAILABILITY = YES_AGGRESSIVE;
				CLANG_WARN_UNREACHABLE_CODE = YES;
				CLANG_WARN__DUPLICATE_METHOD_MATCH = YES;
				COPY_PHASE_STRIP = NO;
				DEBUG_INFORMATION_FORMAT = dwarf;
				ENABLE_STRICT_OBJC_MSGSEND = YES;
				ENABLE_TESTABILITY = YES;
				GCC_C_LANGUAGE_STANDARD = gnu11;
				GCC_DYNAMIC_NO_PIC = NO;
				GCC_NO_COMMON_BLOCKS = YES;
				GCC_OPTIMIZATION_LEVEL = 0;
				GCC_PREPROCESSOR_DEFINITIONS = (
					"DEBUG=1",
					"$(inherited)",
				);
				GCC_WARN_64_TO_32_BIT_CONVERSION = YES;
				GCC_WARN_ABOUT_RETURN_TYPE = YES_ERROR;
				GCC_WARN_UNDECLARED_SELECTOR = YES;
				GCC_WARN_UNINITIALIZED_AUTOS = YES_AGGRESSIVE;
				GCC_WARN_UNUSED_FUNCTION = YES;
				GCC_WARN_UNUSED_VARIABLE = YES;
				IPHONEOS_DEPLOYMENT_TARGET = 14.4;
				MTL_ENABLE_DEBUG_INFO = INCLUDE_SOURCE;
				MTL_FAST_MATH = YES;
				ONLY_ACTIVE_ARCH = YES;
				SDKROOT = iphoneos;
				SWIFT_ACTIVE_COMPILATION_CONDITIONS = DEBUG;
				SWIFT_OPTIMIZATION_LEVEL = "-Onone";
			};
			name = Debug;
		};
		21DA77032603B3E300BDD28D /* Release */ = {
			isa = XCBuildConfiguration;
			buildSettings = {
				ALWAYS_SEARCH_USER_PATHS = NO;
				CLANG_ANALYZER_NONNULL = YES;
				CLANG_ANALYZER_NUMBER_OBJECT_CONVERSION = YES_AGGRESSIVE;
				CLANG_CXX_LANGUAGE_STANDARD = "gnu++14";
				CLANG_CXX_LIBRARY = "libc++";
				CLANG_ENABLE_MODULES = YES;
				CLANG_ENABLE_OBJC_ARC = YES;
				CLANG_ENABLE_OBJC_WEAK = YES;
				CLANG_WARN_BLOCK_CAPTURE_AUTORELEASING = YES;
				CLANG_WARN_BOOL_CONVERSION = YES;
				CLANG_WARN_COMMA = YES;
				CLANG_WARN_CONSTANT_CONVERSION = YES;
				CLANG_WARN_DEPRECATED_OBJC_IMPLEMENTATIONS = YES;
				CLANG_WARN_DIRECT_OBJC_ISA_USAGE = YES_ERROR;
				CLANG_WARN_DOCUMENTATION_COMMENTS = YES;
				CLANG_WARN_EMPTY_BODY = YES;
				CLANG_WARN_ENUM_CONVERSION = YES;
				CLANG_WARN_INFINITE_RECURSION = YES;
				CLANG_WARN_INT_CONVERSION = YES;
				CLANG_WARN_NON_LITERAL_NULL_CONVERSION = YES;
				CLANG_WARN_OBJC_IMPLICIT_RETAIN_SELF = YES;
				CLANG_WARN_OBJC_LITERAL_CONVERSION = YES;
				CLANG_WARN_OBJC_ROOT_CLASS = YES_ERROR;
				CLANG_WARN_QUOTED_INCLUDE_IN_FRAMEWORK_HEADER = YES;
				CLANG_WARN_RANGE_LOOP_ANALYSIS = YES;
				CLANG_WARN_STRICT_PROTOTYPES = YES;
				CLANG_WARN_SUSPICIOUS_MOVE = YES;
				CLANG_WARN_UNGUARDED_AVAILABILITY = YES_AGGRESSIVE;
				CLANG_WARN_UNREACHABLE_CODE = YES;
				CLANG_WARN__DUPLICATE_METHOD_MATCH = YES;
				COPY_PHASE_STRIP = NO;
				DEBUG_INFORMATION_FORMAT = "dwarf-with-dsym";
				ENABLE_NS_ASSERTIONS = NO;
				ENABLE_STRICT_OBJC_MSGSEND = YES;
				GCC_C_LANGUAGE_STANDARD = gnu11;
				GCC_NO_COMMON_BLOCKS = YES;
				GCC_WARN_64_TO_32_BIT_CONVERSION = YES;
				GCC_WARN_ABOUT_RETURN_TYPE = YES_ERROR;
				GCC_WARN_UNDECLARED_SELECTOR = YES;
				GCC_WARN_UNINITIALIZED_AUTOS = YES_AGGRESSIVE;
				GCC_WARN_UNUSED_FUNCTION = YES;
				GCC_WARN_UNUSED_VARIABLE = YES;
				IPHONEOS_DEPLOYMENT_TARGET = 14.4;
				MTL_ENABLE_DEBUG_INFO = NO;
				MTL_FAST_MATH = YES;
				SDKROOT = iphoneos;
				SWIFT_COMPILATION_MODE = wholemodule;
				SWIFT_OPTIMIZATION_LEVEL = "-O";
				VALIDATE_PRODUCT = YES;
			};
			name = Release;
		};
		21DA77052603B3E300BDD28D /* Debug */ = {
			isa = XCBuildConfiguration;
			buildSettings = {
				ASSETCATALOG_COMPILER_APPICON_NAME = AppIcon;
				ASSETCATALOG_COMPILER_GLOBAL_ACCENT_COLOR_NAME = AccentColor;
				CODE_SIGN_STYLE = Automatic;
				DEVELOPMENT_ASSET_PATHS = "\"stocks/Preview Content\"";
				DEVELOPMENT_TEAM = 7GQ4HC85BS;
				ENABLE_PREVIEWS = YES;
				INFOPLIST_FILE = stocks/Info.plist;
				IPHONEOS_DEPLOYMENT_TARGET = 14.0;
				LD_RUNPATH_SEARCH_PATHS = (
					"$(inherited)",
					"@executable_path/Frameworks",
				);
				PRODUCT_BUNDLE_IDENTIFIER = com.tarasova.stocks;
				PRODUCT_NAME = "$(TARGET_NAME)";
				SWIFT_VERSION = 5.0;
				TARGETED_DEVICE_FAMILY = "1,2";
			};
			name = Debug;
		};
		21DA77062603B3E300BDD28D /* Release */ = {
			isa = XCBuildConfiguration;
			buildSettings = {
				ASSETCATALOG_COMPILER_APPICON_NAME = AppIcon;
				ASSETCATALOG_COMPILER_GLOBAL_ACCENT_COLOR_NAME = AccentColor;
				CODE_SIGN_STYLE = Automatic;
				DEVELOPMENT_ASSET_PATHS = "\"stocks/Preview Content\"";
				DEVELOPMENT_TEAM = 7GQ4HC85BS;
				ENABLE_PREVIEWS = YES;
				INFOPLIST_FILE = stocks/Info.plist;
				IPHONEOS_DEPLOYMENT_TARGET = 14.0;
				LD_RUNPATH_SEARCH_PATHS = (
					"$(inherited)",
					"@executable_path/Frameworks",
				);
				PRODUCT_BUNDLE_IDENTIFIER = com.tarasova.stocks;
				PRODUCT_NAME = "$(TARGET_NAME)";
				SWIFT_VERSION = 5.0;
				TARGETED_DEVICE_FAMILY = "1,2";
			};
			name = Release;
		};
		21DA77082603B3E300BDD28D /* Debug */ = {
			isa = XCBuildConfiguration;
			buildSettings = {
				ALWAYS_EMBED_SWIFT_STANDARD_LIBRARIES = YES;
				BUNDLE_LOADER = "$(TEST_HOST)";
				CODE_SIGN_STYLE = Automatic;
				DEVELOPMENT_TEAM = 7GQ4HC85BS;
				INFOPLIST_FILE = stocksTests/Info.plist;
				IPHONEOS_DEPLOYMENT_TARGET = 14.0;
				LD_RUNPATH_SEARCH_PATHS = (
					"$(inherited)",
					"@executable_path/Frameworks",
					"@loader_path/Frameworks",
				);
				PRODUCT_BUNDLE_IDENTIFIER = com.tarasova.stocksTests;
				PRODUCT_NAME = "$(TARGET_NAME)";
				SWIFT_VERSION = 5.0;
				TARGETED_DEVICE_FAMILY = "1,2";
				TEST_HOST = "$(BUILT_PRODUCTS_DIR)/stocks.app/stocks";
			};
			name = Debug;
		};
		21DA77092603B3E300BDD28D /* Release */ = {
			isa = XCBuildConfiguration;
			buildSettings = {
				ALWAYS_EMBED_SWIFT_STANDARD_LIBRARIES = YES;
				BUNDLE_LOADER = "$(TEST_HOST)";
				CODE_SIGN_STYLE = Automatic;
				DEVELOPMENT_TEAM = 7GQ4HC85BS;
				INFOPLIST_FILE = stocksTests/Info.plist;
				IPHONEOS_DEPLOYMENT_TARGET = 14.0;
				LD_RUNPATH_SEARCH_PATHS = (
					"$(inherited)",
					"@executable_path/Frameworks",
					"@loader_path/Frameworks",
				);
				PRODUCT_BUNDLE_IDENTIFIER = com.tarasova.stocksTests;
				PRODUCT_NAME = "$(TARGET_NAME)";
				SWIFT_VERSION = 5.0;
				TARGETED_DEVICE_FAMILY = "1,2";
				TEST_HOST = "$(BUILT_PRODUCTS_DIR)/stocks.app/stocks";
			};
			name = Release;
		};
		21DA770B2603B3E300BDD28D /* Debug */ = {
			isa = XCBuildConfiguration;
			buildSettings = {
				ALWAYS_EMBED_SWIFT_STANDARD_LIBRARIES = YES;
				CODE_SIGN_STYLE = Automatic;
				DEVELOPMENT_TEAM = 7GQ4HC85BS;
				INFOPLIST_FILE = stocksUITests/Info.plist;
				LD_RUNPATH_SEARCH_PATHS = (
					"$(inherited)",
					"@executable_path/Frameworks",
					"@loader_path/Frameworks",
				);
				PRODUCT_BUNDLE_IDENTIFIER = com.tarasova.stocksUITests;
				PRODUCT_NAME = "$(TARGET_NAME)";
				SWIFT_VERSION = 5.0;
				TARGETED_DEVICE_FAMILY = "1,2";
				TEST_TARGET_NAME = stocks;
			};
			name = Debug;
		};
		21DA770C2603B3E300BDD28D /* Release */ = {
			isa = XCBuildConfiguration;
			buildSettings = {
				ALWAYS_EMBED_SWIFT_STANDARD_LIBRARIES = YES;
				CODE_SIGN_STYLE = Automatic;
				DEVELOPMENT_TEAM = 7GQ4HC85BS;
				INFOPLIST_FILE = stocksUITests/Info.plist;
				LD_RUNPATH_SEARCH_PATHS = (
					"$(inherited)",
					"@executable_path/Frameworks",
					"@loader_path/Frameworks",
				);
				PRODUCT_BUNDLE_IDENTIFIER = com.tarasova.stocksUITests;
				PRODUCT_NAME = "$(TARGET_NAME)";
				SWIFT_VERSION = 5.0;
				TARGETED_DEVICE_FAMILY = "1,2";
				TEST_TARGET_NAME = stocks;
			};
			name = Release;
		};
/* End XCBuildConfiguration section */

/* Begin XCConfigurationList section */
		21DA76DA2603B3E200BDD28D /* Build configuration list for PBXProject "stocks" */ = {
			isa = XCConfigurationList;
			buildConfigurations = (
				21DA77022603B3E300BDD28D /* Debug */,
				21DA77032603B3E300BDD28D /* Release */,
			);
			defaultConfigurationIsVisible = 0;
			defaultConfigurationName = Release;
		};
		21DA77042603B3E300BDD28D /* Build configuration list for PBXNativeTarget "stocks" */ = {
			isa = XCConfigurationList;
			buildConfigurations = (
				21DA77052603B3E300BDD28D /* Debug */,
				21DA77062603B3E300BDD28D /* Release */,
			);
			defaultConfigurationIsVisible = 0;
			defaultConfigurationName = Release;
		};
		21DA77072603B3E300BDD28D /* Build configuration list for PBXNativeTarget "stocksTests" */ = {
			isa = XCConfigurationList;
			buildConfigurations = (
				21DA77082603B3E300BDD28D /* Debug */,
				21DA77092603B3E300BDD28D /* Release */,
			);
			defaultConfigurationIsVisible = 0;
			defaultConfigurationName = Release;
		};
		21DA770A2603B3E300BDD28D /* Build configuration list for PBXNativeTarget "stocksUITests" */ = {
			isa = XCConfigurationList;
			buildConfigurations = (
				21DA770B2603B3E300BDD28D /* Debug */,
				21DA770C2603B3E300BDD28D /* Release */,
			);
			defaultConfigurationIsVisible = 0;
			defaultConfigurationName = Release;
		};
/* End XCConfigurationList section */
	};
	rootObject = 21DA76D72603B3E200BDD28D /* Project object */;
}
